
Microsoft Visual Studio Solution File, Format Version 12.00
# Visual Studio Version 17
VisualStudioVersion = 17.14.36429.23
MinimumVisualStudioVersion = 10.0.40219.1
Project("{FAE04EC0-301F-11D3-BF4B-00C04F79EFBC}") = "AutomationFrameworkTest", "AutomationFrameworkTest\AutomationFrameworkTest.csproj", "{D66DF53C-5DFC-55D1-B491-D6519CB985E2}"
	ProjectSection(ProjectDependencies) = postProject
		{AD87F61E-FD24-4DCA-9909-C0BA7DE0E1E8} = {AD87F61E-FD24-4DCA-9909-C0BA7DE0E1E8}
	EndProjectSection
EndProject
Project("{FAE04EC0-301F-11D3-BF4B-00C04F79EFBC}") = "AutomationFramework", "AutomationFramework\AutomationFramework.csproj", "{AD87F61E-FD24-4DCA-9909-C0BA7DE0E1E8}"
EndProject
Global
	GlobalSection(SolutionConfigurationPlatforms) = preSolution
		Debug|Any CPU = Debug|Any CPU
		Release|Any CPU = Release|Any CPU
	EndGlobalSection
	GlobalSection(ProjectConfigurationPlatforms) = postSolution
		{D66DF53C-5DFC-55D1-B491-D6519CB985E2}.Debug|Any CPU.ActiveCfg = Debug|Any CPU
		{D66DF53C-5DFC-55D1-B491-D6519CB985E2}.Debug|Any CPU.Build.0 = Debug|Any CPU
		{D66DF53C-5DFC-55D1-B491-D6519CB985E2}.Release|Any CPU.ActiveCfg = Release|Any CPU
		{D66DF53C-5DFC-55D1-B491-D6519CB985E2}.Release|Any CPU.Build.0 = Release|Any CPU
		{AD87F61E-FD24-4DCA-9909-C0BA7DE0E1E8}.Debug|Any CPU.ActiveCfg = Debug|Any CPU
		{AD87F61E-FD24-4DCA-9909-C0BA7DE0E1E8}.Debug|Any CPU.Build.0 = Debug|Any CPU
		{AD87F61E-FD24-4DCA-9909-C0BA7DE0E1E8}.Release|Any CPU.ActiveCfg = Release|Any CPU
		{AD87F61E-FD24-4DCA-9909-C0BA7DE0E1E8}.Release|Any CPU.Build.0 = Release|Any CPU
	EndGlobalSection
	GlobalSection(SolutionProperties) = preSolution
		HideSolutionNode = FALSE
	EndGlobalSection
	GlobalSection(ExtensibilityGlobals) = postSolution
		SolutionGuid = {5546B14B-7666-4804-B690-E88B8AE2D119}
	EndGlobalSection
EndGlobal
